
Microsoft Visual Studio Solution File, Format Version 12.00
# Visual Studio Version 17
VisualStudioVersion = 17.3.32825.248
MinimumVisualStudioVersion = 10.0.40219.1
Project("{FAE04EC0-301F-11D3-BF4B-00C04F79EFBC}") = "MvcStok", "MvcStok\MvcStok.csproj", "{0D5888EB-B024-4C98-BB15-405073CB83AD}"
EndProject
Global
	GlobalSection(SolutionConfigurationPlatforms) = preSolution
		Debug|Any CPU = Debug|Any CPU
		Release|Any CPU = Release|Any CPU
	EndGlobalSection
	GlobalSection(ProjectConfigurationPlatforms) = postSolution
		{0D5888EB-B024-4C98-BB15-405073CB83AD}.Debug|Any CPU.ActiveCfg = Debug|Any CPU
		{0D5888EB-B024-4C98-BB15-405073CB83AD}.Debug|Any CPU.Build.0 = Debug|Any CPU
		{0D5888EB-B024-4C98-BB15-405073CB83AD}.Release|Any CPU.ActiveCfg = Release|Any CPU
		{0D5888EB-B024-4C98-BB15-405073CB83AD}.Release|Any CPU.Build.0 = Release|Any CPU
	EndGlobalSection
	GlobalSection(SolutionProperties) = preSolution
		HideSolutionNode = FALSE
	EndGlobalSection
	GlobalSection(ExtensibilityGlobals) = postSolution
		SolutionGuid = {3530BEFF-944D-46E8-9704-454AF5ECB1B6}
	EndGlobalSection
EndGlobal
